
Microsoft Visual Studio Solution File, Format Version 12.00
# Visual Studio Version 17
VisualStudioVersion = 17.8.34330.188
MinimumVisualStudioVersion = 10.0.40219.1
Project("{FAE04EC0-301F-11D3-BF4B-00C04F79EFBC}") = "MyBookManager", "MyBookManager\MyBookManager.csproj", "{5242390A-12E2-4EE0-B3BA-B2D4E11A22BE}"
EndProject
Global
	GlobalSection(SolutionConfigurationPlatforms) = preSolution
		Debug|Any CPU = Debug|Any CPU
		Release|Any CPU = Release|Any CPU
	EndGlobalSection
	GlobalSection(ProjectConfigurationPlatforms) = postSolution
		{5242390A-12E2-4EE0-B3BA-B2D4E11A22BE}.Debug|Any CPU.ActiveCfg = Debug|Any CPU
		{5242390A-12E2-4EE0-B3BA-B2D4E11A22BE}.Debug|Any CPU.Build.0 = Debug|Any CPU
		{5242390A-12E2-4EE0-B3BA-B2D4E11A22BE}.Release|Any CPU.ActiveCfg = Release|Any CPU
		{5242390A-12E2-4EE0-B3BA-B2D4E11A22BE}.Release|Any CPU.Build.0 = Release|Any CPU
	EndGlobalSection
	GlobalSection(SolutionProperties) = preSolution
		HideSolutionNode = FALSE
	EndGlobalSection
	GlobalSection(ExtensibilityGlobals) = postSolution
		SolutionGuid = {3110CFC5-4DDC-4277-A32B-61FC25671184}
	EndGlobalSection
EndGlobal
