
Microsoft Visual Studio Solution File, Format Version 12.00
# Visual Studio Version 17
VisualStudioVersion = 17.8.34330.188
MinimumVisualStudioVersion = 10.0.40219.1
Project("{FAE04EC0-301F-11D3-BF4B-00C04F79EFBC}") = "HelloCSharp03", "HelloCSharp03\HelloCSharp03.csproj", "{DBFB9CA1-E098-4600-AF0F-53E67C330963}"
EndProject
Project("{FAE04EC0-301F-11D3-BF4B-00C04F79EFBC}") = "HelloCSharp031", "HelloCSharp031\HelloCSharp031.csproj", "{1208A921-BBA8-4DCE-97BE-3D7575204EF6}"
EndProject
Global
	GlobalSection(SolutionConfigurationPlatforms) = preSolution
		Debug|Any CPU = Debug|Any CPU
		Release|Any CPU = Release|Any CPU
	EndGlobalSection
	GlobalSection(ProjectConfigurationPlatforms) = postSolution
		{DBFB9CA1-E098-4600-AF0F-53E67C330963}.Debug|Any CPU.ActiveCfg = Debug|Any CPU
		{DBFB9CA1-E098-4600-AF0F-53E67C330963}.Debug|Any CPU.Build.0 = Debug|Any CPU
		{DBFB9CA1-E098-4600-AF0F-53E67C330963}.Release|Any CPU.ActiveCfg = Release|Any CPU
		{DBFB9CA1-E098-4600-AF0F-53E67C330963}.Release|Any CPU.Build.0 = Release|Any CPU
		{1208A921-BBA8-4DCE-97BE-3D7575204EF6}.Debug|Any CPU.ActiveCfg = Debug|Any CPU
		{1208A921-BBA8-4DCE-97BE-3D7575204EF6}.Debug|Any CPU.Build.0 = Debug|Any CPU
		{1208A921-BBA8-4DCE-97BE-3D7575204EF6}.Release|Any CPU.ActiveCfg = Release|Any CPU
		{1208A921-BBA8-4DCE-97BE-3D7575204EF6}.Release|Any CPU.Build.0 = Release|Any CPU
	EndGlobalSection
	GlobalSection(SolutionProperties) = preSolution
		HideSolutionNode = FALSE
	EndGlobalSection
	GlobalSection(ExtensibilityGlobals) = postSolution
		SolutionGuid = {FAE2C8D8-70E4-43AE-9AD9-F7E311B05F7F}
	EndGlobalSection
EndGlobal
