
Microsoft Visual Studio Solution File, Format Version 12.00
# Visual Studio Version 17
VisualStudioVersion = 17.8.34330.188
MinimumVisualStudioVersion = 10.0.40219.1
Project("{8BC9CEB8-8B4A-11D0-8D11-00A0C91BC942}") = "HelloCProj02", "HelloCProj02\HelloCProj02.vcxproj", "{CAD66002-800A-4979-816B-B624EDEC6C71}"
EndProject
Project("{8BC9CEB8-8B4A-11D0-8D11-00A0C91BC942}") = "HelloCProj02_01", "HelloCProj02_01\HelloCProj02_01.vcxproj", "{C950B0E7-D510-4679-8FB4-1B882D75CF1F}"
EndProject
Global
	GlobalSection(SolutionConfigurationPlatforms) = preSolution
		Debug|x64 = Debug|x64
		Debug|x86 = Debug|x86
		Release|x64 = Release|x64
		Release|x86 = Release|x86
	EndGlobalSection
	GlobalSection(ProjectConfigurationPlatforms) = postSolution
		{CAD66002-800A-4979-816B-B624EDEC6C71}.Debug|x64.ActiveCfg = Debug|x64
		{CAD66002-800A-4979-816B-B624EDEC6C71}.Debug|x64.Build.0 = Debug|x64
		{CAD66002-800A-4979-816B-B624EDEC6C71}.Debug|x86.ActiveCfg = Debug|Win32
		{CAD66002-800A-4979-816B-B624EDEC6C71}.Debug|x86.Build.0 = Debug|Win32
		{CAD66002-800A-4979-816B-B624EDEC6C71}.Release|x64.ActiveCfg = Release|x64
		{CAD66002-800A-4979-816B-B624EDEC6C71}.Release|x64.Build.0 = Release|x64
		{CAD66002-800A-4979-816B-B624EDEC6C71}.Release|x86.ActiveCfg = Release|Win32
		{CAD66002-800A-4979-816B-B624EDEC6C71}.Release|x86.Build.0 = Release|Win32
		{C950B0E7-D510-4679-8FB4-1B882D75CF1F}.Debug|x64.ActiveCfg = Debug|x64
		{C950B0E7-D510-4679-8FB4-1B882D75CF1F}.Debug|x64.Build.0 = Debug|x64
		{C950B0E7-D510-4679-8FB4-1B882D75CF1F}.Debug|x86.ActiveCfg = Debug|Win32
		{C950B0E7-D510-4679-8FB4-1B882D75CF1F}.Debug|x86.Build.0 = Debug|Win32
		{C950B0E7-D510-4679-8FB4-1B882D75CF1F}.Release|x64.ActiveCfg = Release|x64
		{C950B0E7-D510-4679-8FB4-1B882D75CF1F}.Release|x64.Build.0 = Release|x64
		{C950B0E7-D510-4679-8FB4-1B882D75CF1F}.Release|x86.ActiveCfg = Release|Win32
		{C950B0E7-D510-4679-8FB4-1B882D75CF1F}.Release|x86.Build.0 = Release|Win32
	EndGlobalSection
	GlobalSection(SolutionProperties) = preSolution
		HideSolutionNode = FALSE
	EndGlobalSection
	GlobalSection(ExtensibilityGlobals) = postSolution
		SolutionGuid = {9C7C55B9-A043-4AF4-B1B2-D7C5EE1CE274}
	EndGlobalSection
EndGlobal
