
Microsoft Visual Studio Solution File, Format Version 12.00
# Visual Studio Version 17
VisualStudioVersion = 17.8.34330.188
MinimumVisualStudioVersion = 10.0.40219.1
Project("{FAE04EC0-301F-11D3-BF4B-00C04F79EFBC}") = "MyParkingManagerDB", "MyParkingManagerDB\MyParkingManagerDB.csproj", "{A54F2422-D705-48DC-97AC-9D80478CB9F7}"
EndProject
Global
	GlobalSection(SolutionConfigurationPlatforms) = preSolution
		Debug|Any CPU = Debug|Any CPU
		Release|Any CPU = Release|Any CPU
	EndGlobalSection
	GlobalSection(ProjectConfigurationPlatforms) = postSolution
		{A54F2422-D705-48DC-97AC-9D80478CB9F7}.Debug|Any CPU.ActiveCfg = Debug|Any CPU
		{A54F2422-D705-48DC-97AC-9D80478CB9F7}.Debug|Any CPU.Build.0 = Debug|Any CPU
		{A54F2422-D705-48DC-97AC-9D80478CB9F7}.Release|Any CPU.ActiveCfg = Release|Any CPU
		{A54F2422-D705-48DC-97AC-9D80478CB9F7}.Release|Any CPU.Build.0 = Release|Any CPU
	EndGlobalSection
	GlobalSection(SolutionProperties) = preSolution
		HideSolutionNode = FALSE
	EndGlobalSection
	GlobalSection(ExtensibilityGlobals) = postSolution
		SolutionGuid = {B2F4D3EA-E45F-42F4-BC9A-3EDA13A2073C}
	EndGlobalSection
EndGlobal
